{
  "name": "dsh-voice-scribe",
  "version": "0.4.3",
  "lockfileVersion": 3,
  "requires": true,
  "packages": {
    "": {
      "name": "dsh-voice-scribe",
      "version": "0.4.3",
      "license": "MIT",
      "dependencies": {
        "sherpa-onnx-node": "^1.13.6"
      },
      "engines": {
        "node": ">=18"
      },
      "peerDependencies": {
        "@deepseek-ai/dsh-llm": ">=0.1.2-alpha.2"
      }
    },
    "node_modules/@deepseek-ai/cordis": {
      "version": "4.0.2",
      "resolved": "https://registry.npmjs.org/@deepseek-ai/cordis/-/cordis-4.0.2.tgz",
      "integrity": "sha512-asOnXP1TzFSFQlHb1iegDZp0z/8WD1c7YNrwJR/Tx2bzNuMXfcekE/I67Iv6SQXeLB4csxqCngzQKANP7gdw0g==",
      "license": "MIT",
      "peer": true,
      "dependencies": {
        "@deepseek-ai/cosmokit": "^1.8.3",
        "@standard-schema/spec": "^1.1.0"
      },
      "bin": {
        "cordis": "bin.js"
      },
      "peerDependencies": {
        "@deepseek-ai/cordis-plugin-include": "^1.0.7",
        "@deepseek-ai/cordis-plugin-loader": "^1.0.3"
      },
      "peerDependenciesMeta": {
        "@deepseek-ai/cordis-plugin-include": {
          "optional": true
        },
        "@deepseek-ai/cordis-plugin-loader": {
          "optional": true
        }
      }
    },
    "node_modules/@deepseek-ai/cosmokit": {
      "version": "1.8.3",
      "resolved": "https://registry.npmjs.org/@deepseek-ai/cosmokit/-/cosmokit-1.8.3.tgz",
      "integrity": "sha512-qBo+ronVM6Eu2WNVJXi8JcMiqZ19T9BRIpV+5qJUFPXjGH/Z0QKcQMC/IZJ7L394YTOtJgcovbk9qP0w2GsBXQ==",
      "license": "MIT",
      "peer": true
    },
    "node_modules/@deepseek-ai/dsh-brand": {
      "version": "0.1.2-alpha.2",
      "resolved": "https://registry.npmjs.org/@deepseek-ai/dsh-brand/-/dsh-brand-0.1.2-alpha.2.tgz",
      "integrity": "sha512-sWFbShCe8LNLuqD3gdQeneUGxFtZ/rywe6Tmi2eteBDubecHnf04XurtF38Epno42bnNTMYWuKwt1cihcbHL3A==",
      "license": "MIT",
      "peer": true,
      "peerDependencies": {
        "@deepseek-ai/cordis": "^4.0.2",
        "@deepseek-ai/dsh-invariants": "^0.1.2-alpha.2"
      }
    },
    "node_modules/@deepseek-ai/dsh-invariants": {
      "version": "0.1.2-alpha.2",
      "resolved": "https://registry.npmjs.org/@deepseek-ai/dsh-invariants/-/dsh-invariants-0.1.2-alpha.2.tgz",
      "integrity": "sha512-1ewUeCzUHbaqhtW5rG1/eujIXXzy2VhwvMa16RpcTuJp5qcU1NtAf/+COkmvI7qtkyNY61vWg1Ez5qL9hKIUpQ==",
      "license": "MIT",
      "peer": true,
      "dependencies": {
        "@deepseek-ai/schemastery": "^3.18.2"
      },
      "peerDependencies": {
        "@deepseek-ai/cordis": "^4.0.2"
      }
    },
    "node_modules/@deepseek-ai/dsh-llm": {
      "version": "0.1.2-alpha.2",
      "resolved": "https://registry.npmjs.org/@deepseek-ai/dsh-llm/-/dsh-llm-0.1.2-alpha.2.tgz",
      "integrity": "sha512-ip6yMxwHugxQm4VCbwX/FDnlTeeBM9VBkIn0+74ityQy7Z3yKREJ1Ov8Z04l4G3duRzeGRsQ4ztOFZ01oNfKIw==",
      "license": "MIT",
      "peer": true,
      "dependencies": {
        "@deepseek-ai/dsh-brand": "^0.1.2-alpha.2",
        "@deepseek-ai/dsh-timeout": "^0.1.2-alpha.2",
        "@deepseek-ai/dsh-typert-protocol": "^0.1.2-alpha.2",
        "@deepseek-ai/dsh-util-crypto": "^0.1.2-alpha.2",
        "@deepseek-ai/dsh-util-values": "^0.1.2-alpha.2",
        "@deepseek-ai/schemastery": "^3.18.2",
        "zod": "^4.4.3"
      },
      "peerDependencies": {
        "@deepseek-ai/cordis": "^4.0.2"
      }
    },
    "node_modules/@deepseek-ai/dsh-timeout": {
      "version": "0.1.2-alpha.2",
      "resolved": "https://registry.npmjs.org/@deepseek-ai/dsh-timeout/-/dsh-timeout-0.1.2-alpha.2.tgz",
      "integrity": "sha512-8q5cd55aMoOvrPaqSws/3xiyzHhs1bfjdtAs4YHWimQgMd+yMrDnlu8i+zFOkWoSc0A2wPkXcCYR8xogl4gerA==",
      "license": "MIT",
      "peer": true,
      "peerDependencies": {
        "@deepseek-ai/cordis": "^4.0.2",
        "@deepseek-ai/dsh-invariants": "^0.1.2-alpha.2"
      }
    },
    "node_modules/@deepseek-ai/dsh-typert-protocol": {
      "version": "0.1.2-alpha.2",
      "resolved": "https://registry.npmjs.org/@deepseek-ai/dsh-typert-protocol/-/dsh-typert-protocol-0.1.2-alpha.2.tgz",
      "integrity": "sha512-U3j/usWHRllaJMdTr4GuVkkUciHWyq01mvMtWeGT+RY2hb+ysTxeuLEiV0Lh5EyVScgFdDLbe/GtTZ2OkGsGwQ==",
      "license": "MIT",
      "peer": true,
      "peerDependencies": {
        "@deepseek-ai/cordis": "^4.0.2",
        "@deepseek-ai/dsh-invariants": "^0.1.2-alpha.2"
      }
    },
    "node_modules/@deepseek-ai/dsh-util-crypto": {
      "version": "0.1.2-alpha.2",
      "resolved": "https://registry.npmjs.org/@deepseek-ai/dsh-util-crypto/-/dsh-util-crypto-0.1.2-alpha.2.tgz",
      "integrity": "sha512-03WVzlgLErJRRGMqaMdx5ufEoN3Scpdsnd0f8vXMhcbeEzKZ61lbI8z/m6ZttM/LhpzPALuFtDc5u+N5LFP8Fg==",
      "license": "MIT",
      "peer": true,
      "peerDependencies": {
        "@deepseek-ai/cordis": "^4.0.2",
        "@deepseek-ai/dsh-invariants": "^0.1.2-alpha.2"
      }
    },
    "node_modules/@deepseek-ai/dsh-util-values": {
      "version": "0.1.2-alpha.2",
      "resolved": "https://registry.npmjs.org/@deepseek-ai/dsh-util-values/-/dsh-util-values-0.1.2-alpha.2.tgz",
      "integrity": "sha512-ZyZHTqGQ/8S5ZYflTkuiZGPxhkuHa9Uy5G+teEmnmnkhiN/UVPGQvI//CXRNmxpTKjfx+qcVVmr5x6bohplsQg==",
      "license": "MIT",
      "peer": true,
      "peerDependencies": {
        "@deepseek-ai/cordis": "^4.0.2",
        "@deepseek-ai/dsh-invariants": "^0.1.2-alpha.2"
      }
    },
    "node_modules/@deepseek-ai/schemastery": {
      "version": "3.18.2",
      "resolved": "https://registry.npmjs.org/@deepseek-ai/schemastery/-/schemastery-3.18.2.tgz",
      "integrity": "sha512-njDtZsznjYxok7KLLlHOPyuv2efdWVbSflAHgztSfbMsg+CVraEoRe2DjOCgClYv3ZCSm7WXoaUkbB/+RY7tWQ==",
      "license": "MIT",
      "peer": true,
      "dependencies": {
        "@deepseek-ai/cosmokit": "^1.8.3",
        "@standard-schema/spec": "^1.1.0"
      }
    },
    "node_modules/@standard-schema/spec": {
      "version": "1.1.0",
      "resolved": "https://registry.npmjs.org/@standard-schema/spec/-/spec-1.1.0.tgz",
      "integrity": "sha512-l2aFy5jALhniG5HgqrD6jXLi/rUWrKvqN/qJx6yoJsgKhblVd+iqqU4RCXavm/jPityDo5TCvKMnpjKnOriy0w==",
      "license": "MIT",
      "peer": true
    },
    "node_modules/sherpa-onnx-darwin-arm64": {
      "version": "1.13.6",
      "resolved": "https://registry.npmjs.org/sherpa-onnx-darwin-arm64/-/sherpa-onnx-darwin-arm64-1.13.6.tgz",
      "integrity": "sha512-m3QMOGUHVPUl7bAOPc7oJtmzOVdzQVQPsCuTjNuQ2N6zlYuXDZu9NdUR3Er3rxbhHa6SmWa94flUwmUsO1atow==",
      "cpu": [
        "arm64"
      ],
      "license": "Apache-2.0",
      "optional": true,
      "os": [
        "darwin"
      ]
    },
    "node_modules/sherpa-onnx-darwin-x64": {
      "version": "1.13.6",
      "resolved": "https://registry.npmjs.org/sherpa-onnx-darwin-x64/-/sherpa-onnx-darwin-x64-1.13.6.tgz",
      "integrity": "sha512-3X5FQ9PpwlBmxLqtb2/uvl7/W2HXXzXHT0MLmB9c0TRMANLujzvIF7YbT6VW3k92ClL/1q9sbIOul0rHgxCTmw==",
      "cpu": [
        "x64"
      ],
      "license": "Apache-2.0",
      "optional": true,
      "os": [
        "darwin"
      ]
    },
    "node_modules/sherpa-onnx-linux-arm64": {
      "version": "1.13.6",
      "resolved": "https://registry.npmjs.org/sherpa-onnx-linux-arm64/-/sherpa-onnx-linux-arm64-1.13.6.tgz",
      "integrity": "sha512-xSzhqrGFbBrykpbEFt5dLXB3Sp3a8idNzjhf92uylDgUhupBSRHj3ISeYaL9ZZWTNSzszNXBKlM+xH36dHQjPg==",
      "cpu": [
        "arm64"
      ],
      "license": "Apache-2.0",
      "optional": true,
      "os": [
        "linux"
      ]
    },
    "node_modules/sherpa-onnx-linux-x64": {
      "version": "1.13.6",
      "resolved": "https://registry.npmjs.org/sherpa-onnx-linux-x64/-/sherpa-onnx-linux-x64-1.13.6.tgz",
      "integrity": "sha512-HiR3yolQDl3WoU1zSXn8L0MSXzF9PXLQpMv+Ptozg1y/DJU8HuvoXBasOarX4cer5d9kGimnOUGm0dl47PCN1A==",
      "cpu": [
        "x64"
      ],
      "license": "Apache-2.0",
      "optional": true,
      "os": [
        "linux"
      ]
    },
    "node_modules/sherpa-onnx-node": {
      "version": "1.13.6",
      "resolved": "https://registry.npmjs.org/sherpa-onnx-node/-/sherpa-onnx-node-1.13.6.tgz",
      "integrity": "sha512-FjUSQSStTi/wcLqlScGFmNA7ySjW3QwquJcMRJ1yDkDpBp0BmWXkXoirDuEj8/v2/Cs4wLYJp2BKaMD9+1lDGA==",
      "license": "Apache-2.0",
      "optionalDependencies": {
        "sherpa-onnx-darwin-arm64": "^1.13.6",
        "sherpa-onnx-darwin-x64": "^1.13.6",
        "sherpa-onnx-linux-arm64": "^1.13.6",
        "sherpa-onnx-linux-x64": "^1.13.6",
        "sherpa-onnx-win-ia32": "^1.13.6",
        "sherpa-onnx-win-x64": "^1.13.6"
      }
    },
    "node_modules/sherpa-onnx-win-ia32": {
      "version": "1.13.6",
      "resolved": "https://registry.npmjs.org/sherpa-onnx-win-ia32/-/sherpa-onnx-win-ia32-1.13.6.tgz",
      "integrity": "sha512-CN6rNQqn0wzdSp3XRHxdmNaLUMhP+BgsWVbaASU+V9CYBdx74uutoA/43ThUfh3S3CiArpp8OJtn8dJrPeGHnw==",
      "cpu": [
        "ia32"
      ],
      "license": "Apache-2.0",
      "optional": true,
      "os": [
        "win32"
      ]
    },
    "node_modules/sherpa-onnx-win-x64": {
      "version": "1.13.6",
      "resolved": "https://registry.npmjs.org/sherpa-onnx-win-x64/-/sherpa-onnx-win-x64-1.13.6.tgz",
      "integrity": "sha512-bPMdURD1XCu1Zr3eYYlYx2obc5CMSQhEnd1GQuv7FXjdyOeMJ8jNbQEKFEIAyQdC481FgZvPBb2oSJXaLOOeVw==",
      "cpu": [
        "x64"
      ],
      "license": "Apache-2.0",
      "optional": true,
      "os": [
        "win32"
      ]
    },
    "node_modules/zod": {
      "version": "4.5.4",
      "resolved": "https://registry.npmjs.org/zod/-/zod-4.5.4.tgz",
      "integrity": "sha512-sC95tT5iHHH9gtpj6A81kh+NEaRAUFN+qlUPDUbRfOMvNf5QCBqsb3WgvnpVtK5Y+4UfA6KqufotuTvMGiTlsA==",
      "license": "MIT",
      "peer": true,
      "funding": {
        "url": "https://github.com/sponsors/colinhacks"
      }
    }
  }
}
